
Microsoft Visual Studio Solution File, Format Version 12.00
# Visual Studio Version 16
VisualStudioVersion = 16.0.31112.23
MinimumVisualStudioVersion = 10.0.40219.1
Project("{9A19103F-16F7-4668-BE54-9A1E7A4F7556}") = "Notifications.Wpf", "Notifications.Wpf\Notifications.Wpf.csproj", "{3C6BB122-2081-4CB5-8EB7-2754D153E0F4}"
EndProject
Global
	GlobalSection(SolutionConfigurationPlatforms) = preSolution
		Debug|Any CPU = Debug|Any CPU
		Release|Any CPU = Release|Any CPU
	EndGlobalSection
	GlobalSection(ProjectConfigurationPlatforms) = postSolution
		{3C6BB122-2081-4CB5-8EB7-2754D153E0F4}.Debug|Any CPU.ActiveCfg = Debug|Any CPU
		{3C6BB122-2081-4CB5-8EB7-2754D153E0F4}.Debug|Any CPU.Build.0 = Debug|Any CPU
		{3C6BB122-2081-4CB5-8EB7-2754D153E0F4}.Release|Any CPU.ActiveCfg = Release|Any CPU
		{3C6BB122-2081-4CB5-8EB7-2754D153E0F4}.Release|Any CPU.Build.0 = Release|Any CPU
	EndGlobalSection
	GlobalSection(SolutionProperties) = preSolution
		HideSolutionNode = FALSE
	EndGlobalSection
	GlobalSection(ExtensibilityGlobals) = postSolution
		SolutionGuid = {64DA2E87-104A-43AD-A271-DFAEB1FC8B2E}
	EndGlobalSection
EndGlobal
